
Microsoft Visual Studio Solution File, Format Version 12.00
# Visual Studio Version 17
VisualStudioVersion = 17.8.34601.278
MinimumVisualStudioVersion = 10.0.40219.1
Project("{FAE04EC0-301F-11D3-BF4B-00C04F79EFBC}") = "WEB_API_IDENTITY_AUTH", "WEB_API_IDENTITY_AUTH.csproj", "{429FCB43-C37B-4724-B323-FEEB7EC390A1}"
EndProject
Global
	GlobalSection(SolutionConfigurationPlatforms) = preSolution
		Debug|Any CPU = Debug|Any CPU
		Release|Any CPU = Release|Any CPU
	EndGlobalSection
	GlobalSection(ProjectConfigurationPlatforms) = postSolution
		{429FCB43-C37B-4724-B323-FEEB7EC390A1}.Debug|Any CPU.ActiveCfg = Debug|Any CPU
		{429FCB43-C37B-4724-B323-FEEB7EC390A1}.Debug|Any CPU.Build.0 = Debug|Any CPU
		{429FCB43-C37B-4724-B323-FEEB7EC390A1}.Release|Any CPU.ActiveCfg = Release|Any CPU
		{429FCB43-C37B-4724-B323-FEEB7EC390A1}.Release|Any CPU.Build.0 = Release|Any CPU
	EndGlobalSection
	GlobalSection(SolutionProperties) = preSolution
		HideSolutionNode = FALSE
	EndGlobalSection
	GlobalSection(ExtensibilityGlobals) = postSolution
		SolutionGuid = {F8B49559-9D08-4281-927F-0425F4067DC1}
	EndGlobalSection
EndGlobal
